# THIS IS AN AUTOGENERATED FILE. DO NOT EDIT THIS FILE DIRECTLY.
# yarn lockfile v1


gpl-3.0@^1.0.1:
  version "1.0.1"
  resolved "https://registry.yarnpkg.com/gpl-3.0/-/gpl-3.0-1.0.1.tgz#178b1c10ee578ef417fa426ac443913d8962f915"
  integrity sha512-wshtLAz+hPBAK9cTIwY9/kVCM9bwqaaop028Tcuc79UE4D+WRje9pFErdhR6Y7MIMjWsPBLrY9fClvBwXyBXBQ==
